
Microsoft Visual Studio Solution File, Format Version 12.00
# Visual Studio Version 16
VisualStudioVersion = 16.0.31829.152
MinimumVisualStudioVersion = 10.0.40219.1
Project("{FAE04EC0-301F-11D3-BF4B-00C04F79EFBC}") = "VoidGags", "VoidGags\VoidGags.csproj", "{a9e9ad1b-e3fb-4c96-80d0-53e9f905581d}"
EndProject
Global
	GlobalSection(SolutionConfigurationPlatforms) = preSolution
		Debug|Any CPU = Debug|Any CPU
		Release|Any CPU = Release|Any CPU
	EndGlobalSection
	GlobalSection(ProjectConfigurationPlatforms) = postSolution
		{a9e9ad1b-e3fb-4c96-80d0-53e9f905581d}.Debug|Any CPU.ActiveCfg = Debug|Any CPU
		{a9e9ad1b-e3fb-4c96-80d0-53e9f905581d}.Debug|Any CPU.Build.0 = Debug|Any CPU
		{a9e9ad1b-e3fb-4c96-80d0-53e9f905581d}.Release|Any CPU.ActiveCfg = Release|Any CPU
		{a9e9ad1b-e3fb-4c96-80d0-53e9f905581d}.Release|Any CPU.Build.0 = Release|Any CPU
	EndGlobalSection
	GlobalSection(SolutionProperties) = preSolution
		HideSolutionNode = FALSE
	EndGlobalSection
	GlobalSection(ExtensibilityGlobals) = postSolution
		SolutionGuid = {79ED9BF6-AC5B-40ED-8A78-943377201884}
	EndGlobalSection
EndGlobal
